// !$*UTF8*$!
{
	archiveVersion = 1;
	classes = {
	};
	objectVersion = 56;
	objects = {

/* Begin PBXBuildFile section */
		576BEBC12B834CFF00236ECC /* AppDelegate.swift in Sources */ = {isa = PBXBuildFile; fileRef = 576BEBC02B834CFF00236ECC /* AppDelegate.swift */; };
		576BEBC32B834CFF00236ECC /* SceneDelegate.swift in Sources */ = {isa = PBXBuildFile; fileRef = 576BEBC22B834CFF00236ECC /* SceneDelegate.swift */; };
		576BEBC52B834CFF00236ECC /* ViewController.swift in Sources */ = {isa = PBXBuildFile; fileRef = 576BEBC42B834CFF00236ECC /* ViewController.swift */; };
		576BEBC82B834CFF00236ECC /* Main.storyboard in Resources */ = {isa = PBXBuildFile; fileRef = 576BEBC62B834CFF00236ECC /* Main.storyboard */; };
		576BEBCA2B834D0000236ECC /* Assets.xcassets in Resources */ = {isa = PBXBuildFile; fileRef = 576BEBC92B834D0000236ECC /* Assets.xcassets */; };
		576BEBCD2B834D0000236ECC /* LaunchScreen.storyboard in Resources */ = {isa = PBXBuildFile; fileRef = 576BEBCB2B834D0000236ECC /* LaunchScreen.storyboard */; };
		576BEBDA2B834E2700236ECC /* OnBoardingItemViewController.swift in Sources */ = {isa = PBXBuildFile; fileRef = 576BEBD82B834E2700236ECC /* OnBoardingItemViewController.swift */; };
		576BEBDB2B834E2700236ECC /* OnBoardingItemViewController.xib in Resources */ = {isa = PBXBuildFile; fileRef = 576BEBD92B834E2700236ECC /* OnBoardingItemViewController.xib */; };
		57FF17B12B85BCF60013022C /* OnBoardingPageViewController.swift in Sources */ = {isa = PBXBuildFile; fileRef = 57FF17B02B85BCF60013022C /* OnBoardingPageViewController.swift */; };
/* End PBXBuildFile section */

/* Begin PBXFileReference section */
		576BEBBD2B834CFF00236ECC /* OnBoardingViewApp.app */ = {isa = PBXFileReference; explicitFileType = wrapper.application; includeInIndex = 0; path = OnBoardingViewApp.app; sourceTree = BUILT_PRODUCTS_DIR; };
		576BEBC02B834CFF00236ECC /* AppDelegate.swift */ = {isa = PBXFileReference; lastKnownFileType = sourcecode.swift; path = AppDelegate.swift; sourceTree = "<group>"; };
		576BEBC22B834CFF00236ECC /* SceneDelegate.swift */ = {isa = PBXFileReference; lastKnownFileType = sourcecode.swift; path = SceneDelegate.swift; sourceTree = "<group>"; };
		576BEBC42B834CFF00236ECC /* ViewController.swift */ = {isa = PBXFileReference; lastKnownFileType = sourcecode.swift; path = ViewController.swift; sourceTree = "<group>"; };
		576BEBC72B834CFF00236ECC /* Base */ = {isa = PBXFileReference; lastKnownFileType = file.storyboard; name = Base; path = Base.lproj/Main.storyboard; sourceTree = "<group>"; };
		576BEBC92B834D0000236ECC /* Assets.xcassets */ = {isa = PBXFileReference; lastKnownFileType = folder.assetcatalog; path = Assets.xcassets; sourceTree = "<group>"; };
		576BEBCC2B834D0000236ECC /* Base */ = {isa = PBXFileReference; lastKnownFileType = file.storyboard; name = Base; path = Base.lproj/LaunchScreen.storyboard; sourceTree = "<group>"; };
		576BEBCE2B834D0000236ECC /* Info.plist */ = {isa = PBXFileReference; lastKnownFileType = text.plist.xml; path = Info.plist; sourceTree = "<group>"; };
		576BEBD82B834E2700236ECC /* OnBoardingItemViewController.swift */ = {isa = PBXFileReference; lastKnownFileType = sourcecode.swift; path = OnBoardingItemViewController.swift; sourceTree = "<group>"; };
		576BEBD92B834E2700236ECC /* OnBoardingItemViewController.xib */ = {isa = PBXFileReference; lastKnownFileType = file.xib; path = OnBoardingItemViewController.xib; sourceTree = "<group>"; };
		57FF17B02B85BCF60013022C /* OnBoardingPageViewController.swift */ = {isa = PBXFileReference; lastKnownFileType = sourcecode.swift; path = OnBoardingPageViewController.swift; sourceTree = "<group>"; };
/* End PBXFileReference section */

/* Begin PBXFrameworksBuildPhase section */
		576BEBBA2B834CFF00236ECC /* Frameworks */ = {
			isa = PBXFrameworksBuildPhase;
			buildActionMask = 2147483647;
			files = (
			);
			runOnlyForDeploymentPostprocessing = 0;
		};
/* End PBXFrameworksBuildPhase section */

/* Begin PBXGroup section */
		576BEBB42B834CFF00236ECC = {
			isa = PBXGroup;
			children = (
				576BEBBF2B834CFF00236ECC /* OnBoardingViewApp */,
				576BEBBE2B834CFF00236ECC /* Products */,
			);
			sourceTree = "<group>";
		};
		576BEBBE2B834CFF00236ECC /* Products */ = {
			isa = PBXGroup;
			children = (
				576BEBBD2B834CFF00236ECC /* OnBoardingViewApp.app */,
			);
			name = Products;
			sourceTree = "<group>";
		};
		576BEBBF2B834CFF00236ECC /* OnBoardingViewApp */ = {
			isa = PBXGroup;
			children = (
				576BEBC02B834CFF00236ECC /* AppDelegate.swift */,
				576BEBC22B834CFF00236ECC /* SceneDelegate.swift */,
				576BEBC42B834CFF00236ECC /* ViewController.swift */,
				576BEBC62B834CFF00236ECC /* Main.storyboard */,
				576BEBC92B834D0000236ECC /* Assets.xcassets */,
				576BEBCB2B834D0000236ECC /* LaunchScreen.storyboard */,
				576BEBCE2B834D0000236ECC /* Info.plist */,
				576BEBD82B834E2700236ECC /* OnBoardingItemViewController.swift */,
				576BEBD92B834E2700236ECC /* OnBoardingItemViewController.xib */,
				57FF17B02B85BCF60013022C /* OnBoardingPageViewController.swift */,
			);
			path = OnBoardingViewApp;
			sourceTree = "<group>";
		};
/* End PBXGroup section */

/* Begin PBXNativeTarget section */
		576BEBBC2B834CFF00236ECC /* OnBoardingViewApp */ = {
			isa = PBXNativeTarget;
			buildConfigurationList = 576BEBD12B834D0000236ECC /* Build configuration list for PBXNativeTarget "OnBoardingViewApp" */;
			buildPhases = (
				576BEBB92B834CFF00236ECC /* Sources */,
				576BEBBA2B834CFF00236ECC /* Frameworks */,
				576BEBBB2B834CFF00236ECC /* Resources */,
			);
			buildRules = (
			);
			dependencies = (
			);
			name = OnBoardingViewApp;
			productName = OnBoardingViewApp;
			productReference = 576BEBBD2B834CFF00236ECC /* OnBoardingViewApp.app */;
			productType = "com.apple.product-type.application";
		};
/* End PBXNativeTarget section */

/* Begin PBXProject section */
		576BEBB52B834CFF00236ECC /* Project object */ = {
			isa = PBXProject;
			attributes = {
				BuildIndependentTargetsInParallel = 1;
				LastSwiftUpdateCheck = 1520;
				LastUpgradeCheck = 1520;
				TargetAttributes = {
					576BEBBC2B834CFF00236ECC = {
						CreatedOnToolsVersion = 15.2;
					};
				};
			};
			buildConfigurationList = 576BEBB82B834CFF00236ECC /* Build configuration list for PBXProject "OnBoardingViewApp" */;
			compatibilityVersion = "Xcode 14.0";
			developmentRegion = en;
			hasScannedForEncodings = 0;
			knownRegions = (
				en,
				Base,
			);
			mainGroup = 576BEBB42B834CFF00236ECC;
			productRefGroup = 576BEBBE2B834CFF00236ECC /* Products */;
			projectDirPath = "";
			projectRoot = "";
			targets = (
				576BEBBC2B834CFF00236ECC /* OnBoardingViewApp */,
			);
		};
/* End PBXProject section */

/* Begin PBXResourcesBuildPhase section */
		576BEBBB2B834CFF00236ECC /* Resources */ = {
			isa = PBXResourcesBuildPhase;
			buildActionMask = 2147483647;
			files = (
				576BEBDB2B834E2700236ECC /* OnBoardingItemViewController.xib in Resources */,
				576BEBCD2B834D0000236ECC /* LaunchScreen.storyboard in Resources */,
				576BEBCA2B834D0000236ECC /* Assets.xcassets in Resources */,
				576BEBC82B834CFF00236ECC /* Main.storyboard in Resources */,
			);
			runOnlyForDeploymentPostprocessing = 0;
		};
/* End PBXResourcesBuildPhase section */

/* Begin PBXSourcesBuildPhase section */
		576BEBB92B834CFF00236ECC /* Sources */ = {
			isa = PBXSourcesBuildPhase;
			buildActionMask = 2147483647;
			files = (
				576BEBC52B834CFF00236ECC /* ViewController.swift in Sources */,
				576BEBC12B834CFF00236ECC /* AppDelegate.swift in Sources */,
				57FF17B12B85BCF60013022C /* OnBoardingPageViewController.swift in Sources */,
				576BEBDA2B834E2700236ECC /* OnBoardingItemViewController.swift in Sources */,
				576BEBC32B834CFF00236ECC /* SceneDelegate.swift in Sources */,
			);
			runOnlyForDeploymentPostprocessing = 0;
		};
/* End PBXSourcesBuildPhase section */

/* Begin PBXVariantGroup section */
		576BEBC62B834CFF00236ECC /* Main.storyboard */ = {
			isa = PBXVariantGroup;
			children = (
				576BEBC72B834CFF00236ECC /* Base */,
			);
			name = Main.storyboard;
			sourceTree = "<group>";
		};
		576BEBCB2B834D0000236ECC /* LaunchScreen.storyboard */ = {
			isa = PBXVariantGroup;
			children = (
				576BEBCC2B834D0000236ECC /* Base */,
			);
			name = LaunchScreen.storyboard;
			sourceTree = "<group>";
		};
/* End PBXVariantGroup section */

/* Begin XCBuildConfiguration section */
		576BEBCF2B834D0000236ECC /* Debug */ = {
			isa = XCBuildConfiguration;
			buildSettings = {
				ALWAYS_SEARCH_USER_PATHS = NO;
				ASSETCATALOG_COMPILER_GENERATE_SWIFT_ASSET_SYMBOL_EXTENSIONS = YES;
				CLANG_ANALYZER_NONNULL = YES;
				CLANG_ANALYZER_NUMBER_OBJECT_CONVERSION = YES_AGGRESSIVE;
				CLANG_CXX_LANGUAGE_STANDARD = "gnu++20";
				CLANG_ENABLE_MODULES = YES;
				CLANG_ENABLE_OBJC_ARC = YES;
				CLANG_ENABLE_OBJC_WEAK = YES;
				CLANG_WARN_BLOCK_CAPTURE_AUTORELEASING = YES;
				CLANG_WARN_BOOL_CONVERSION = YES;
				CLANG_WARN_COMMA = YES;
				CLANG_WARN_CONSTANT_CONVERSION = YES;
				CLANG_WARN_DEPRECATED_OBJC_IMPLEMENTATIONS = YES;
				CLANG_WARN_DIRECT_OBJC_ISA_USAGE = YES_ERROR;
				CLANG_WARN_DOCUMENTATION_COMMENTS = YES;
				CLANG_WARN_EMPTY_BODY = YES;
				CLANG_WARN_ENUM_CONVERSION = YES;
				CLANG_WARN_INFINITE_RECURSION = YES;
				CLANG_WARN_INT_CONVERSION = YES;
				CLANG_WARN_NON_LITERAL_NULL_CONVERSION = YES;
				CLANG_WARN_OBJC_IMPLICIT_RETAIN_SELF = YES;
				CLANG_WARN_OBJC_LITERAL_CONVERSION = YES;
				CLANG_WARN_OBJC_ROOT_CLASS = YES_ERROR;
				CLANG_WARN_QUOTED_INCLUDE_IN_FRAMEWORK_HEADER = YES;
				CLANG_WARN_RANGE_LOOP_ANALYSIS = YES;
				CLANG_WARN_STRICT_PROTOTYPES = YES;
				CLANG_WARN_SUSPICIOUS_MOVE = YES;
				CLANG_WARN_UNGUARDED_AVAILABILITY = YES_AGGRESSIVE;
				CLANG_WARN_UNREACHABLE_CODE = YES;
				CLANG_WARN__DUPLICATE_METHOD_MATCH = YES;
				COPY_PHASE_STRIP = NO;
				DEBUG_INFORMATION_FORMAT = dwarf;
				ENABLE_STRICT_OBJC_MSGSEND = YES;
				ENABLE_TESTABILITY = YES;
				ENABLE_USER_SCRIPT_SANDBOXING = YES;
				GCC_C_LANGUAGE_STANDARD = gnu17;
				GCC_DYNAMIC_NO_PIC = NO;
				GCC_NO_COMMON_BLOCKS = YES;
				GCC_OPTIMIZATION_LEVEL = 0;
				GCC_PREPROCESSOR_DEFINITIONS = (
					"DEBUG=1",
					"$(inherited)",
				);
				GCC_WARN_64_TO_32_BIT_CONVERSION = YES;
				GCC_WARN_ABOUT_RETURN_TYPE = YES_ERROR;
				GCC_WARN_UNDECLARED_SELECTOR = YES;
				GCC_WARN_UNINITIALIZED_AUTOS = YES_AGGRESSIVE;
				GCC_WARN_UNUSED_FUNCTION = YES;
				GCC_WARN_UNUSED_VARIABLE = YES;
				IPHONEOS_DEPLOYMENT_TARGET = 17.2;
				LOCALIZATION_PREFERS_STRING_CATALOGS = YES;
				MTL_ENABLE_DEBUG_INFO = INCLUDE_SOURCE;
				MTL_FAST_MATH = YES;
				ONLY_ACTIVE_ARCH = YES;
				SDKROOT = iphoneos;
				SWIFT_ACTIVE_COMPILATION_CONDITIONS = "DEBUG $(inherited)";
				SWIFT_OPTIMIZATION_LEVEL = "-Onone";
			};
			name = Debug;
		};
		576BEBD02B834D0000236ECC /* Release */ = {
			isa = XCBuildConfiguration;
			buildSettings = {
				ALWAYS_SEARCH_USER_PATHS = NO;
				ASSETCATALOG_COMPILER_GENERATE_SWIFT_ASSET_SYMBOL_EXTENSIONS = YES;
				CLANG_ANALYZER_NONNULL = YES;
				CLANG_ANALYZER_NUMBER_OBJECT_CONVERSION = YES_AGGRESSIVE;
				CLANG_CXX_LANGUAGE_STANDARD = "gnu++20";
				CLANG_ENABLE_MODULES = YES;
				CLANG_ENABLE_OBJC_ARC = YES;
				CLANG_ENABLE_OBJC_WEAK = YES;
				CLANG_WARN_BLOCK_CAPTURE_AUTORELEASING = YES;
				CLANG_WARN_BOOL_CONVERSION = YES;
				CLANG_WARN_COMMA = YES;
				CLANG_WARN_CONSTANT_CONVERSION = YES;
				CLANG_WARN_DEPRECATED_OBJC_IMPLEMENTATIONS = YES;
				CLANG_WARN_DIRECT_OBJC_ISA_USAGE = YES_ERROR;
				CLANG_WARN_DOCUMENTATION_COMMENTS = YES;
				CLANG_WARN_EMPTY_BODY = YES;
				CLANG_WARN_ENUM_CONVERSION = YES;
				CLANG_WARN_INFINITE_RECURSION = YES;
				CLANG_WARN_INT_CONVERSION = YES;
				CLANG_WARN_NON_LITERAL_NULL_CONVERSION = YES;
				CLANG_WARN_OBJC_IMPLICIT_RETAIN_SELF = YES;
				CLANG_WARN_OBJC_LITERAL_CONVERSION = YES;
				CLANG_WARN_OBJC_ROOT_CLASS = YES_ERROR;
				CLANG_WARN_QUOTED_INCLUDE_IN_FRAMEWORK_HEADER = YES;
				CLANG_WARN_RANGE_LOOP_ANALYSIS = YES;
				CLANG_WARN_STRICT_PROTOTYPES = YES;
				CLANG_WARN_SUSPICIOUS_MOVE = YES;
				CLANG_WARN_UNGUARDED_AVAILABILITY = YES_AGGRESSIVE;
				CLANG_WARN_UNREACHABLE_CODE = YES;
				CLANG_WARN__DUPLICATE_METHOD_MATCH = YES;
				COPY_PHASE_STRIP = NO;
				DEBUG_INFORMATION_FORMAT = "dwarf-with-dsym";
				ENABLE_NS_ASSERTIONS = NO;
				ENABLE_STRICT_OBJC_MSGSEND = YES;
				ENABLE_USER_SCRIPT_SANDBOXING = YES;
				GCC_C_LANGUAGE_STANDARD = gnu17;
				GCC_NO_COMMON_BLOCKS = YES;
				GCC_WARN_64_TO_32_BIT_CONVERSION = YES;
				GCC_WARN_ABOUT_RETURN_TYPE = YES_ERROR;
				GCC_WARN_UNDECLARED_SELECTOR = YES;
				GCC_WARN_UNINITIALIZED_AUTOS = YES_AGGRESSIVE;
				GCC_WARN_UNUSED_FUNCTION = YES;
				GCC_WARN_UNUSED_VARIABLE = YES;
				IPHONEOS_DEPLOYMENT_TARGET = 17.2;
				LOCALIZATION_PREFERS_STRING_CATALOGS = YES;
				MTL_ENABLE_DEBUG_INFO = NO;
				MTL_FAST_MATH = YES;
				SDKROOT = iphoneos;
				SWIFT_COMPILATION_MODE = wholemodule;
				VALIDATE_PRODUCT = YES;
			};
			name = Release;
		};
		576BEBD22B834D0000236ECC /* Debug */ = {
			isa = XCBuildConfiguration;
			buildSettings = {
				ASSETCATALOG_COMPILER_APPICON_NAME = AppIcon;
				ASSETCATALOG_COMPILER_GLOBAL_ACCENT_COLOR_NAME = AccentColor;
				CODE_SIGN_STYLE = Automatic;
				CURRENT_PROJECT_VERSION = 1;
				DEVELOPMENT_TEAM = CX8QXFQAMZ;
				GENERATE_INFOPLIST_FILE = YES;
				INFOPLIST_FILE = OnBoardingViewApp/Info.plist;
				INFOPLIST_KEY_UIApplicationSupportsIndirectInputEvents = YES;
				INFOPLIST_KEY_UILaunchStoryboardName = LaunchScreen;
				INFOPLIST_KEY_UIMainStoryboardFile = Main;
				INFOPLIST_KEY_UISupportedInterfaceOrientations_iPad = "UIInterfaceOrientationPortrait UIInterfaceOrientationPortraitUpsideDown UIInterfaceOrientationLandscapeLeft UIInterfaceOrientationLandscapeRight";
				INFOPLIST_KEY_UISupportedInterfaceOrientations_iPhone = "UIInterfaceOrientationPortrait UIInterfaceOrientationLandscapeLeft UIInterfaceOrientationLandscapeRight";
				LD_RUNPATH_SEARCH_PATHS = (
					"$(inherited)",
					"@executable_path/Frameworks",
				);
				MARKETING_VERSION = 1.0;
				PRODUCT_BUNDLE_IDENTIFIER = com.Jseong.OnBoardingViewApp;
				PRODUCT_NAME = "$(TARGET_NAME)";
				SWIFT_EMIT_LOC_STRINGS = YES;
				SWIFT_VERSION = 5.0;
				TARGETED_DEVICE_FAMILY = "1,2";
			};
			name = Debug;
		};
		576BEBD32B834D0000236ECC /* Release */ = {
			isa = XCBuildConfiguration;
			buildSettings = {
				ASSETCATALOG_COMPILER_APPICON_NAME = AppIcon;
				ASSETCATALOG_COMPILER_GLOBAL_ACCENT_COLOR_NAME = AccentColor;
				CODE_SIGN_STYLE = Automatic;
				CURRENT_PROJECT_VERSION = 1;
				DEVELOPMENT_TEAM = CX8QXFQAMZ;
				GENERATE_INFOPLIST_FILE = YES;
				INFOPLIST_FILE = OnBoardingViewApp/Info.plist;
				INFOPLIST_KEY_UIApplicationSupportsIndirectInputEvents = YES;
				INFOPLIST_KEY_UILaunchStoryboardName = LaunchScreen;
				INFOPLIST_KEY_UIMainStoryboardFile = Main;
				INFOPLIST_KEY_UISupportedInterfaceOrientations_iPad = "UIInterfaceOrientationPortrait UIInterfaceOrientationPortraitUpsideDown UIInterfaceOrientationLandscapeLeft UIInterfaceOrientationLandscapeRight";
				INFOPLIST_KEY_UISupportedInterfaceOrientations_iPhone = "UIInterfaceOrientationPortrait UIInterfaceOrientationLandscapeLeft UIInterfaceOrientationLandscapeRight";
				LD_RUNPATH_SEARCH_PATHS = (
					"$(inherited)",
					"@executable_path/Frameworks",
				);
				MARKETING_VERSION = 1.0;
				PRODUCT_BUNDLE_IDENTIFIER = com.Jseong.OnBoardingViewApp;
				PRODUCT_NAME = "$(TARGET_NAME)";
				SWIFT_EMIT_LOC_STRINGS = YES;
				SWIFT_VERSION = 5.0;
				TARGETED_DEVICE_FAMILY = "1,2";
			};
			name = Release;
		};
/* End XCBuildConfiguration section */

/* Begin XCConfigurationList section */
		576BEBB82B834CFF00236ECC /* Build configuration list for PBXProject "OnBoardingViewApp" */ = {
			isa = XCConfigurationList;
			buildConfigurations = (
				576BEBCF2B834D0000236ECC /* Debug */,
				576BEBD02B834D0000236ECC /* Release */,
			);
			defaultConfigurationIsVisible = 0;
			defaultConfigurationName = Release;
		};
		576BEBD12B834D0000236ECC /* Build configuration list for PBXNativeTarget "OnBoardingViewApp" */ = {
			isa = XCConfigurationList;
			buildConfigurations = (
				576BEBD22B834D0000236ECC /* Debug */,
				576BEBD32B834D0000236ECC /* Release */,
			);
			defaultConfigurationIsVisible = 0;
			defaultConfigurationName = Release;
		};
/* End XCConfigurationList section */
	};
	rootObject = 576BEBB52B834CFF00236ECC /* Project object */;
}
